// !$*UTF8*$!
{
	archiveVersion = 1;
	classes = {
	};
	objectVersion = 77;
	objects = {

/* Begin PBXBuildFile section */
		044654ACD6D359D887450273 /* StorageDetailView.swift in Sources */ = {isa = PBXBuildFile; fileRef = A827ECB28B12D9C7FA479FE9 /* StorageDetailView.swift */; };
		04FCD1C3494918C3C6A970DE /* ProxmoxClient.swift in Sources */ = {isa = PBXBuildFile; fileRef = 645F86C2C766B51557A812E1 /* ProxmoxClient.swift */; };
		07982E16E1C17690F7F5AF8F /* PrivacyInfo.xcprivacy in Resources */ = {isa = PBXBuildFile; fileRef = 1D1624C120F103399A7639BC /* PrivacyInfo.xcprivacy */; };
		07ADBD0BF817E276097E3073 /* ActivityView.swift in Sources */ = {isa = PBXBuildFile; fileRef = FFEEFD14E5AC38C4462424BB /* ActivityView.swift */; };
		07F37B3692BE12C7E44419AC /* SharedSnapshotStore.swift in Sources */ = {isa = PBXBuildFile; fileRef = D119F63CE26A07BE25F480A0 /* SharedSnapshotStore.swift */; };
		0B132D8A367A6F74DA86359C /* WidgetData.swift in Sources */ = {isa = PBXBuildFile; fileRef = C73F093010438DE8A1943282 /* WidgetData.swift */; };
		0EC0D2A8D893F588D97FC091 /* Keychain.swift in Sources */ = {isa = PBXBuildFile; fileRef = E92B10975B255875BEC9B541 /* Keychain.swift */; };
		105AC81B6C65113BD67A67C3 /* NodesView.swift in Sources */ = {isa = PBXBuildFile; fileRef = 2A4520561081BC2A0E1F65AF /* NodesView.swift */; };
		1559B278916F9E5F332AA266 /* ServerProfile.swift in Sources */ = {isa = PBXBuildFile; fileRef = 1E1145DF8E0D1BE550F03734 /* ServerProfile.swift */; };
		1E738AC18F1F880C48E4D3C0 /* InfrastructureWidgets.swift in Sources */ = {isa = PBXBuildFile; fileRef = A0A2B030C46FBC7C1309FECB /* InfrastructureWidgets.swift */; };
		22B51BA31DAF01B4548FF30B /* Toast.swift in Sources */ = {isa = PBXBuildFile; fileRef = 0097EA9C55688343858FF4A2 /* Toast.swift */; };
		2685DA82C22F6308F0E67FBE /* ProxmoxError.swift in Sources */ = {isa = PBXBuildFile; fileRef = F638B7A884CEEDECA4FBF6A6 /* ProxmoxError.swift */; };
		33D274CF6B33D92395BBE704 /* ProxmoxModels.swift in Sources */ = {isa = PBXBuildFile; fileRef = D75E94A42764E242EBFDE633 /* ProxmoxModels.swift */; };
		38D5DC2CBBBEA32868E26B2E /* Haptics.swift in Sources */ = {isa = PBXBuildFile; fileRef = ABD345FEC10647D5BBC007D3 /* Haptics.swift */; };
		3E4A54E74B0C6DF4EEA4B44A /* DemoBackend.swift in Sources */ = {isa = PBXBuildFile; fileRef = C8F3ED3F591DE3AB0366628E /* DemoBackend.swift */; };
		40D6627C023D9FD4D22316C2 /* Metrics.swift in Sources */ = {isa = PBXBuildFile; fileRef = CCFE2F76555F5B942A428235 /* Metrics.swift */; };
		41C90F0D87F1448BE445EDED /* ServerProfile.swift in Sources */ = {isa = PBXBuildFile; fileRef = 1E1145DF8E0D1BE550F03734 /* ServerProfile.swift */; };
		481FCBD763C98BEC0CE485D1 /* ClusterSnapshot.swift in Sources */ = {isa = PBXBuildFile; fileRef = 21F66338EC8416A446BFE1FB /* ClusterSnapshot.swift */; };
		4D56979110423671805B09A8 /* MetricChart.swift in Sources */ = {isa = PBXBuildFile; fileRef = 9A48B6FAEE397AF6A7FFA5C3 /* MetricChart.swift */; };
		4E4AD64AF57EBF1688467B0B /* Theme.swift in Sources */ = {isa = PBXBuildFile; fileRef = 12778009CD2D754C48970FC4 /* Theme.swift */; };
		4EEB87DFA9E2314A155EE148 /* SettingsView.swift in Sources */ = {isa = PBXBuildFile; fileRef = 774CFD0D62724E7B0CDA4A20 /* SettingsView.swift */; };
		60401B3F9F96FD89D9F33E83 /* GuestWidget.swift in Sources */ = {isa = PBXBuildFile; fileRef = 9F035B024D1C2E19CABDB15D /* GuestWidget.swift */; };
		6093F0F17A791A153E1E982B /* ClusterSnapshot.swift in Sources */ = {isa = PBXBuildFile; fileRef = 21F66338EC8416A446BFE1FB /* ClusterSnapshot.swift */; };
		611B622CAC9300C9EEF1B8D0 /* Keychain.swift in Sources */ = {isa = PBXBuildFile; fileRef = E92B10975B255875BEC9B541 /* Keychain.swift */; };
		64A7D82695961F3D79627ABC /* ProxynWidgets.appex in Embed Foundation Extensions */ = {isa = PBXBuildFile; fileRef = 78841F2D3D5B4B510E08E41C /* ProxynWidgets.appex */; settings = {ATTRIBUTES = (RemoveHeadersOnCopy, ); }; };
		64E123E1413924FB55C50F84 /* ConsoleView.swift in Sources */ = {isa = PBXBuildFile; fileRef = FA7D122D1724883DE8E012F6 /* ConsoleView.swift */; };
		66039D3B008974F48F0CEF94 /* GuestDetailModel.swift in Sources */ = {isa = PBXBuildFile; fileRef = 7277F18FDE92DBE2FA48CC3A /* GuestDetailModel.swift */; };
		6617AEE9FCA483DE17457A75 /* PrivacyInfo.xcprivacy in Resources */ = {isa = PBXBuildFile; fileRef = CAFBF5F7D22F1C3B13FF9E1E /* PrivacyInfo.xcprivacy */; };
		6DEE5AEE51A552181B134A3F /* TLSDelegate.swift in Sources */ = {isa = PBXBuildFile; fileRef = 97AB77BBAE6BA07526216DB3 /* TLSDelegate.swift */; };
		6E7A32ECA254A90CF13D05C6 /* LooseDecoding.swift in Sources */ = {isa = PBXBuildFile; fileRef = FEF31961E480518761F67183 /* LooseDecoding.swift */; };
		6ED0CE0CD7C721D46781BA34 /* Log.swift in Sources */ = {isa = PBXBuildFile; fileRef = 772282710915220053D7F236 /* Log.swift */; };
		7A0B616065C34AA4BD184FC2 /* ProxmoxModels.swift in Sources */ = {isa = PBXBuildFile; fileRef = D75E94A42764E242EBFDE633 /* ProxmoxModels.swift */; };
		7B23CBE10C051FDA1D2C355A /* ProxmoxAPI.swift in Sources */ = {isa = PBXBuildFile; fileRef = 1B0ADC1A72F3EF0E98867AFA /* ProxmoxAPI.swift */; };
		7CAAA85F734A21F963A13BF5 /* GuestActionSheets.swift in Sources */ = {isa = PBXBuildFile; fileRef = 50B751965B2B19D1A77BFBBD /* GuestActionSheets.swift */; };
		7D969910DA62EF3189FB79A5 /* Assets.xcassets in Resources */ = {isa = PBXBuildFile; fileRef = A33466E3D24D05619BB28C66 /* Assets.xcassets */; };
		81EA22EF1630F924F2D2DE6D /* TaskLogView.swift in Sources */ = {isa = PBXBuildFile; fileRef = D6D5C96FDC47C873F45E2276 /* TaskLogView.swift */; };
		8664496BAFC29ADD424172CC /* Theme.swift in Sources */ = {isa = PBXBuildFile; fileRef = 12778009CD2D754C48970FC4 /* Theme.swift */; };
		8773F33D7D8F7F015A0CEB3D /* Sparkline.swift in Sources */ = {isa = PBXBuildFile; fileRef = E5209F4E73775948B1698BEC /* Sparkline.swift */; };
		87B049418E6623620C8A8CBF /* Metrics.swift in Sources */ = {isa = PBXBuildFile; fileRef = CCFE2F76555F5B942A428235 /* Metrics.swift */; };
		8AB778FD3EAAEEDFF2056FF4 /* DemoBackend.swift in Sources */ = {isa = PBXBuildFile; fileRef = C8F3ED3F591DE3AB0366628E /* DemoBackend.swift */; };
		8D228C44DC626EABCDC631D2 /* Format.swift in Sources */ = {isa = PBXBuildFile; fileRef = 831A93D49EFFCC239C24CCB2 /* Format.swift */; };
		8ED788E731CA3D70EBA3EC3B /* Parts.swift in Sources */ = {isa = PBXBuildFile; fileRef = 4D2F6D443CAF9B58BE9CDE5E /* Parts.swift */; };
		955C4F9B6A3E602EFBF34D53 /* AppModel.swift in Sources */ = {isa = PBXBuildFile; fileRef = F1FB677C29D12CC4CFC79FDA /* AppModel.swift */; };
		975365FD73EE09E9A2B31B36 /* AddServerView.swift in Sources */ = {isa = PBXBuildFile; fileRef = 6C5A71E886710EA305BDFD8F /* AddServerView.swift */; };
		98A114C2481F6C9360233C70 /* ClusterWidget.swift in Sources */ = {isa = PBXBuildFile; fileRef = 419B11F272DD86B68918165C /* ClusterWidget.swift */; };
		A4D317E43581359137D1F1AB /* RootView.swift in Sources */ = {isa = PBXBuildFile; fileRef = B8B9C23FB88D5067B715B522 /* RootView.swift */; };
		A7B290D3AB558583BF1E65C4 /* SplashView.swift in Sources */ = {isa = PBXBuildFile; fileRef = FAFEF3D5D068F968485A32A4 /* SplashView.swift */; };
		A8B41EE9206D7D3969817386 /* GuestDetailView.swift in Sources */ = {isa = PBXBuildFile; fileRef = BF2A56F70FE0DEA924282A65 /* GuestDetailView.swift */; };
		AAF02BCE67EE31429A224553 /* ProxmoxError.swift in Sources */ = {isa = PBXBuildFile; fileRef = F638B7A884CEEDECA4FBF6A6 /* ProxmoxError.swift */; };
		B2ECEC4ACA2EB01265A61069 /* NodeDetailModel.swift in Sources */ = {isa = PBXBuildFile; fileRef = 635D772A21FA16AC76A8418B /* NodeDetailModel.swift */; };
		B780047A299C50A57597C42A /* ProxmoxAPI.swift in Sources */ = {isa = PBXBuildFile; fileRef = 1B0ADC1A72F3EF0E98867AFA /* ProxmoxAPI.swift */; };
		B9661FFD7A03CBC8011E66C6 /* GuestsView.swift in Sources */ = {isa = PBXBuildFile; fileRef = 06024225E450C7033B284735 /* GuestsView.swift */; };
		B97476DD8ED39A28A6CC8B58 /* Rows.swift in Sources */ = {isa = PBXBuildFile; fileRef = 752CE6EDDF7309EEE4281818 /* Rows.swift */; };
		BB0469611C2A24D49EE08ECA /* WidgetComponents.swift in Sources */ = {isa = PBXBuildFile; fileRef = 299E7B456A1B6E4D1AA2FFBC /* WidgetComponents.swift */; };
		BDF81C192AA969DBE069EE12 /* LooseDecoding.swift in Sources */ = {isa = PBXBuildFile; fileRef = FEF31961E480518761F67183 /* LooseDecoding.swift */; };
		C2CD4CFCA2C0C36DB3E1137C /* Log.swift in Sources */ = {isa = PBXBuildFile; fileRef = 772282710915220053D7F236 /* Log.swift */; };
		C48636F0F775976853BB5133 /* NodeDetailView.swift in Sources */ = {isa = PBXBuildFile; fileRef = 951F9E895962676F05030913 /* NodeDetailView.swift */; };
		D1D74286372B0D1E896E4320 /* OverviewView.swift in Sources */ = {isa = PBXBuildFile; fileRef = C73C10865FDECED9BD619145 /* OverviewView.swift */; };
		D3F874117E3EC47346DADA09 /* OnboardingView.swift in Sources */ = {isa = PBXBuildFile; fileRef = 13416471E9549CB0606DE7F8 /* OnboardingView.swift */; };
		D530D915168E346D7CB84A96 /* ProxmoxClient.swift in Sources */ = {isa = PBXBuildFile; fileRef = 645F86C2C766B51557A812E1 /* ProxmoxClient.swift */; };
		DA110BB2395E6A30BBE34205 /* ProxynApp.swift in Sources */ = {isa = PBXBuildFile; fileRef = 1C7D22AC7B3292ADE3E0A9A8 /* ProxynApp.swift */; };
		DCF107214463115C6EF8E098 /* SharedSnapshotStore.swift in Sources */ = {isa = PBXBuildFile; fileRef = D119F63CE26A07BE25F480A0 /* SharedSnapshotStore.swift */; };
		DF0D0247087BA92C8F1ADD1A /* StorageView.swift in Sources */ = {isa = PBXBuildFile; fileRef = 2E7FAACC8D01D0BE6A86533A /* StorageView.swift */; };
		E0E19D5E8632D28C75560B53 /* ProxynMark.swift in Sources */ = {isa = PBXBuildFile; fileRef = 313BB1662174CD54DC21AE60 /* ProxynMark.swift */; };
		EBFEC2CF30EFB510BA8E9077 /* Routes.swift in Sources */ = {isa = PBXBuildFile; fileRef = 6451981AC3241AE25FAC3B2D /* Routes.swift */; };
		F639681092AF29A86D6ABA9F /* Format.swift in Sources */ = {isa = PBXBuildFile; fileRef = 831A93D49EFFCC239C24CCB2 /* Format.swift */; };
		F64FE490B74AE4DB89500FAF /* TLSDelegate.swift in Sources */ = {isa = PBXBuildFile; fileRef = 97AB77BBAE6BA07526216DB3 /* TLSDelegate.swift */; };
/* End PBXBuildFile section */

/* Begin PBXContainerItemProxy section */
		211D1B60EDEC7BF96ECB9AC9 /* PBXContainerItemProxy */ = {
			isa = PBXContainerItemProxy;
			containerPortal = 2A6B5FCA3B836084AC7D40AA /* Project object */;
			proxyType = 1;
			remoteGlobalIDString = 02AFD2EAD5C8D09EAA79DF72;
			remoteInfo = ProxynWidgets;
		};
/* End PBXContainerItemProxy section */

/* Begin PBXCopyFilesBuildPhase section */
		D4DB4ED4D72E32875AE0AB10 /* Embed Foundation Extensions */ = {
			isa = PBXCopyFilesBuildPhase;
			buildActionMask = 2147483647;
			dstPath = "";
			dstSubfolderSpec = 13;
			files = (
				64A7D82695961F3D79627ABC /* ProxynWidgets.appex in Embed Foundation Extensions */,
			);
			name = "Embed Foundation Extensions";
			runOnlyForDeploymentPostprocessing = 0;
		};
/* End PBXCopyFilesBuildPhase section */

/* Begin PBXFileReference section */
		0097EA9C55688343858FF4A2 /* Toast.swift */ = {isa = PBXFileReference; lastKnownFileType = sourcecode.swift; path = Toast.swift; sourceTree = "<group>"; };
		06024225E450C7033B284735 /* GuestsView.swift */ = {isa = PBXFileReference; lastKnownFileType = sourcecode.swift; path = GuestsView.swift; sourceTree = "<group>"; };
		11B33BDD8901AE49E300FF4D /* Proxyn.entitlements */ = {isa = PBXFileReference; lastKnownFileType = text.plist.entitlements; path = Proxyn.entitlements; sourceTree = "<group>"; };
		12778009CD2D754C48970FC4 /* Theme.swift */ = {isa = PBXFileReference; lastKnownFileType = sourcecode.swift; path = Theme.swift; sourceTree = "<group>"; };
		13416471E9549CB0606DE7F8 /* OnboardingView.swift */ = {isa = PBXFileReference; lastKnownFileType = sourcecode.swift; path = OnboardingView.swift; sourceTree = "<group>"; };
		1B0ADC1A72F3EF0E98867AFA /* ProxmoxAPI.swift */ = {isa = PBXFileReference; lastKnownFileType = sourcecode.swift; path = ProxmoxAPI.swift; sourceTree = "<group>"; };
		1C7D22AC7B3292ADE3E0A9A8 /* ProxynApp.swift */ = {isa = PBXFileReference; lastKnownFileType = sourcecode.swift; path = ProxynApp.swift; sourceTree = "<group>"; };
		1D1624C120F103399A7639BC /* PrivacyInfo.xcprivacy */ = {isa = PBXFileReference; path = PrivacyInfo.xcprivacy; sourceTree = "<group>"; };
		1E1145DF8E0D1BE550F03734 /* ServerProfile.swift */ = {isa = PBXFileReference; lastKnownFileType = sourcecode.swift; path = ServerProfile.swift; sourceTree = "<group>"; };
		21F66338EC8416A446BFE1FB /* ClusterSnapshot.swift */ = {isa = PBXFileReference; lastKnownFileType = sourcecode.swift; path = ClusterSnapshot.swift; sourceTree = "<group>"; };
		248943600F2829A1B26DD85F /* Info.plist */ = {isa = PBXFileReference; lastKnownFileType = text.plist; path = Info.plist; sourceTree = "<group>"; };
		299E7B456A1B6E4D1AA2FFBC /* WidgetComponents.swift */ = {isa = PBXFileReference; lastKnownFileType = sourcecode.swift; path = WidgetComponents.swift; sourceTree = "<group>"; };
		2A4520561081BC2A0E1F65AF /* NodesView.swift */ = {isa = PBXFileReference; lastKnownFileType = sourcecode.swift; path = NodesView.swift; sourceTree = "<group>"; };
		2E7FAACC8D01D0BE6A86533A /* StorageView.swift */ = {isa = PBXFileReference; lastKnownFileType = sourcecode.swift; path = StorageView.swift; sourceTree = "<group>"; };
		313BB1662174CD54DC21AE60 /* ProxynMark.swift */ = {isa = PBXFileReference; lastKnownFileType = sourcecode.swift; path = ProxynMark.swift; sourceTree = "<group>"; };
		419B11F272DD86B68918165C /* ClusterWidget.swift */ = {isa = PBXFileReference; lastKnownFileType = sourcecode.swift; path = ClusterWidget.swift; sourceTree = "<group>"; };
		4D2F6D443CAF9B58BE9CDE5E /* Parts.swift */ = {isa = PBXFileReference; lastKnownFileType = sourcecode.swift; path = Parts.swift; sourceTree = "<group>"; };
		50B751965B2B19D1A77BFBBD /* GuestActionSheets.swift */ = {isa = PBXFileReference; lastKnownFileType = sourcecode.swift; path = GuestActionSheets.swift; sourceTree = "<group>"; };
		635D772A21FA16AC76A8418B /* NodeDetailModel.swift */ = {isa = PBXFileReference; lastKnownFileType = sourcecode.swift; path = NodeDetailModel.swift; sourceTree = "<group>"; };
		6451981AC3241AE25FAC3B2D /* Routes.swift */ = {isa = PBXFileReference; lastKnownFileType = sourcecode.swift; path = Routes.swift; sourceTree = "<group>"; };
		645F86C2C766B51557A812E1 /* ProxmoxClient.swift */ = {isa = PBXFileReference; lastKnownFileType = sourcecode.swift; path = ProxmoxClient.swift; sourceTree = "<group>"; };
		6C5A71E886710EA305BDFD8F /* AddServerView.swift */ = {isa = PBXFileReference; lastKnownFileType = sourcecode.swift; path = AddServerView.swift; sourceTree = "<group>"; };
		7277F18FDE92DBE2FA48CC3A /* GuestDetailModel.swift */ = {isa = PBXFileReference; lastKnownFileType = sourcecode.swift; path = GuestDetailModel.swift; sourceTree = "<group>"; };
		752CE6EDDF7309EEE4281818 /* Rows.swift */ = {isa = PBXFileReference; lastKnownFileType = sourcecode.swift; path = Rows.swift; sourceTree = "<group>"; };
		772282710915220053D7F236 /* Log.swift */ = {isa = PBXFileReference; lastKnownFileType = sourcecode.swift; path = Log.swift; sourceTree = "<group>"; };
		774CFD0D62724E7B0CDA4A20 /* SettingsView.swift */ = {isa = PBXFileReference; lastKnownFileType = sourcecode.swift; path = SettingsView.swift; sourceTree = "<group>"; };
		78841F2D3D5B4B510E08E41C /* ProxynWidgets.appex */ = {isa = PBXFileReference; includeInIndex = 0; lastKnownFileType = "wrapper.app-extension"; path = ProxynWidgets.appex; sourceTree = BUILT_PRODUCTS_DIR; };
		831A93D49EFFCC239C24CCB2 /* Format.swift */ = {isa = PBXFileReference; lastKnownFileType = sourcecode.swift; path = Format.swift; sourceTree = "<group>"; };
		951F9E895962676F05030913 /* NodeDetailView.swift */ = {isa = PBXFileReference; lastKnownFileType = sourcecode.swift; path = NodeDetailView.swift; sourceTree = "<group>"; };
		97AB77BBAE6BA07526216DB3 /* TLSDelegate.swift */ = {isa = PBXFileReference; lastKnownFileType = sourcecode.swift; path = TLSDelegate.swift; sourceTree = "<group>"; };
		9A48B6FAEE397AF6A7FFA5C3 /* MetricChart.swift */ = {isa = PBXFileReference; lastKnownFileType = sourcecode.swift; path = MetricChart.swift; sourceTree = "<group>"; };
		9F035B024D1C2E19CABDB15D /* GuestWidget.swift */ = {isa = PBXFileReference; lastKnownFileType = sourcecode.swift; path = GuestWidget.swift; sourceTree = "<group>"; };
		9F860E5584A9D593AB89E824 /* Proxyn.app */ = {isa = PBXFileReference; includeInIndex = 0; lastKnownFileType = wrapper.application; path = Proxyn.app; sourceTree = BUILT_PRODUCTS_DIR; };
		A0A2B030C46FBC7C1309FECB /* InfrastructureWidgets.swift */ = {isa = PBXFileReference; lastKnownFileType = sourcecode.swift; path = InfrastructureWidgets.swift; sourceTree = "<group>"; };
		A33466E3D24D05619BB28C66 /* Assets.xcassets */ = {isa = PBXFileReference; lastKnownFileType = folder.assetcatalog; path = Assets.xcassets; sourceTree = "<group>"; };
		A827ECB28B12D9C7FA479FE9 /* StorageDetailView.swift */ = {isa = PBXFileReference; lastKnownFileType = sourcecode.swift; path = StorageDetailView.swift; sourceTree = "<group>"; };
		ABD345FEC10647D5BBC007D3 /* Haptics.swift */ = {isa = PBXFileReference; lastKnownFileType = sourcecode.swift; path = Haptics.swift; sourceTree = "<group>"; };
		B893597CE19F15430F457D18 /* ProxynWidgets.entitlements */ = {isa = PBXFileReference; lastKnownFileType = text.plist.entitlements; path = ProxynWidgets.entitlements; sourceTree = "<group>"; };
		B8B9C23FB88D5067B715B522 /* RootView.swift */ = {isa = PBXFileReference; lastKnownFileType = sourcecode.swift; path = RootView.swift; sourceTree = "<group>"; };
		BF2A56F70FE0DEA924282A65 /* GuestDetailView.swift */ = {isa = PBXFileReference; lastKnownFileType = sourcecode.swift; path = GuestDetailView.swift; sourceTree = "<group>"; };
		C73C10865FDECED9BD619145 /* OverviewView.swift */ = {isa = PBXFileReference; lastKnownFileType = sourcecode.swift; path = OverviewView.swift; sourceTree = "<group>"; };
		C73F093010438DE8A1943282 /* WidgetData.swift */ = {isa = PBXFileReference; lastKnownFileType = sourcecode.swift; path = WidgetData.swift; sourceTree = "<group>"; };
		C8F3ED3F591DE3AB0366628E /* DemoBackend.swift */ = {isa = PBXFileReference; lastKnownFileType = sourcecode.swift; path = DemoBackend.swift; sourceTree = "<group>"; };
		CAFBF5F7D22F1C3B13FF9E1E /* PrivacyInfo.xcprivacy */ = {isa = PBXFileReference; path = PrivacyInfo.xcprivacy; sourceTree = "<group>"; };
		CCFE2F76555F5B942A428235 /* Metrics.swift */ = {isa = PBXFileReference; lastKnownFileType = sourcecode.swift; path = Metrics.swift; sourceTree = "<group>"; };
		D119F63CE26A07BE25F480A0 /* SharedSnapshotStore.swift */ = {isa = PBXFileReference; lastKnownFileType = sourcecode.swift; path = SharedSnapshotStore.swift; sourceTree = "<group>"; };
		D6D5C96FDC47C873F45E2276 /* TaskLogView.swift */ = {isa = PBXFileReference; lastKnownFileType = sourcecode.swift; path = TaskLogView.swift; sourceTree = "<group>"; };
		D75E94A42764E242EBFDE633 /* ProxmoxModels.swift */ = {isa = PBXFileReference; lastKnownFileType = sourcecode.swift; path = ProxmoxModels.swift; sourceTree = "<group>"; };
		E06DF78CF08AD84CF666A285 /* Info.plist */ = {isa = PBXFileReference; lastKnownFileType = text.plist; path = Info.plist; sourceTree = "<group>"; };
		E5209F4E73775948B1698BEC /* Sparkline.swift */ = {isa = PBXFileReference; lastKnownFileType = sourcecode.swift; path = Sparkline.swift; sourceTree = "<group>"; };
		E92B10975B255875BEC9B541 /* Keychain.swift */ = {isa = PBXFileReference; lastKnownFileType = sourcecode.swift; path = Keychain.swift; sourceTree = "<group>"; };
		F1FB677C29D12CC4CFC79FDA /* AppModel.swift */ = {isa = PBXFileReference; lastKnownFileType = sourcecode.swift; path = AppModel.swift; sourceTree = "<group>"; };
		F638B7A884CEEDECA4FBF6A6 /* ProxmoxError.swift */ = {isa = PBXFileReference; lastKnownFileType = sourcecode.swift; path = ProxmoxError.swift; sourceTree = "<group>"; };
		FA7D122D1724883DE8E012F6 /* ConsoleView.swift */ = {isa = PBXFileReference; lastKnownFileType = sourcecode.swift; path = ConsoleView.swift; sourceTree = "<group>"; };
		FAFEF3D5D068F968485A32A4 /* SplashView.swift */ = {isa = PBXFileReference; lastKnownFileType = sourcecode.swift; path = SplashView.swift; sourceTree = "<group>"; };
		FEF31961E480518761F67183 /* LooseDecoding.swift */ = {isa = PBXFileReference; lastKnownFileType = sourcecode.swift; path = LooseDecoding.swift; sourceTree = "<group>"; };
		FFEEFD14E5AC38C4462424BB /* ActivityView.swift */ = {isa = PBXFileReference; lastKnownFileType = sourcecode.swift; path = ActivityView.swift; sourceTree = "<group>"; };
/* End PBXFileReference section */

/* Begin PBXGroup section */
		01FD7B8EAA83EBA711A22E8C /* Core */ = {
			isa = PBXGroup;
			children = (
				831A93D49EFFCC239C24CCB2 /* Format.swift */,
				E92B10975B255875BEC9B541 /* Keychain.swift */,
				772282710915220053D7F236 /* Log.swift */,
				FEF31961E480518761F67183 /* LooseDecoding.swift */,
				D119F63CE26A07BE25F480A0 /* SharedSnapshotStore.swift */,
			);
			path = Core;
			sourceTree = "<group>";
		};
		0F56ED2FD059D9C37E9DCADB = {
			isa = PBXGroup;
			children = (
				CF1ABBAF906B0E1871EDEBA4 /* Proxyn */,
				BC207B38143169CFAF67BF4C /* ProxynWidgets */,
				559EA13EB8E58A3D67552D37 /* Shared */,
				7E89776A35EFA19FC0395EBD /* Products */,
			);
			sourceTree = "<group>";
		};
		194343D995A0E8AEA673E26A /* Design */ = {
			isa = PBXGroup;
			children = (
				788E247E895F0E6924BFE720 /* Components */,
			);
			path = Design;
			sourceTree = "<group>";
		};
		4157FBB34F64A16F4AC0AD52 /* Settings */ = {
			isa = PBXGroup;
			children = (
				774CFD0D62724E7B0CDA4A20 /* SettingsView.swift */,
			);
			path = Settings;
			sourceTree = "<group>";
		};
		430689059EB5ED94540CE218 /* Features */ = {
			isa = PBXGroup;
			children = (
				B1386183F40510FE9F7E868B /* Console */,
				5A7AF4890C88B9E1264F93BF /* Guests */,
				DA0DCC448D40B776D3B7187E /* Nodes */,
				C866FB8BD2B2BC3200312126 /* Onboarding */,
				78517714657935B3574F0B08 /* Overview */,
				4157FBB34F64A16F4AC0AD52 /* Settings */,
				9379F013543EA0DEA7F155AD /* Shared */,
				827B4347FD1A414C387BC272 /* Storage */,
				DF8CB9FD76E1542E2CCD8517 /* Tasks */,
			);
			path = Features;
			sourceTree = "<group>";
		};
		4421CCEC4012DCAE4BA35A53 /* UI */ = {
			isa = PBXGroup;
			children = (
				12778009CD2D754C48970FC4 /* Theme.swift */,
			);
			path = UI;
			sourceTree = "<group>";
		};
		4E7232CACC1180D86DB02562 /* Networking */ = {
			isa = PBXGroup;
			children = (
				C8F3ED3F591DE3AB0366628E /* DemoBackend.swift */,
				1B0ADC1A72F3EF0E98867AFA /* ProxmoxAPI.swift */,
				645F86C2C766B51557A812E1 /* ProxmoxClient.swift */,
				F638B7A884CEEDECA4FBF6A6 /* ProxmoxError.swift */,
				97AB77BBAE6BA07526216DB3 /* TLSDelegate.swift */,
			);
			path = Networking;
			sourceTree = "<group>";
		};
		559EA13EB8E58A3D67552D37 /* Shared */ = {
			isa = PBXGroup;
			children = (
				01FD7B8EAA83EBA711A22E8C /* Core */,
				A9EBD8D09A369E4A3DD73B33 /* Models */,
				4E7232CACC1180D86DB02562 /* Networking */,
				4421CCEC4012DCAE4BA35A53 /* UI */,
			);
			path = Shared;
			sourceTree = "<group>";
		};
		5A7AF4890C88B9E1264F93BF /* Guests */ = {
			isa = PBXGroup;
			children = (
				50B751965B2B19D1A77BFBBD /* GuestActionSheets.swift */,
				7277F18FDE92DBE2FA48CC3A /* GuestDetailModel.swift */,
				BF2A56F70FE0DEA924282A65 /* GuestDetailView.swift */,
				06024225E450C7033B284735 /* GuestsView.swift */,
			);
			path = Guests;
			sourceTree = "<group>";
		};
		5F54A984046B0656652D64D1 /* App */ = {
			isa = PBXGroup;
			children = (
				1C7D22AC7B3292ADE3E0A9A8 /* ProxynApp.swift */,
				B8B9C23FB88D5067B715B522 /* RootView.swift */,
				FAFEF3D5D068F968485A32A4 /* SplashView.swift */,
			);
			path = App;
			sourceTree = "<group>";
		};
		78517714657935B3574F0B08 /* Overview */ = {
			isa = PBXGroup;
			children = (
				C73C10865FDECED9BD619145 /* OverviewView.swift */,
			);
			path = Overview;
			sourceTree = "<group>";
		};
		788E247E895F0E6924BFE720 /* Components */ = {
			isa = PBXGroup;
			children = (
				ABD345FEC10647D5BBC007D3 /* Haptics.swift */,
				9A48B6FAEE397AF6A7FFA5C3 /* MetricChart.swift */,
				4D2F6D443CAF9B58BE9CDE5E /* Parts.swift */,
				313BB1662174CD54DC21AE60 /* ProxynMark.swift */,
				E5209F4E73775948B1698BEC /* Sparkline.swift */,
			);
			path = Components;
			sourceTree = "<group>";
		};
		78CC281682CA5949731A39C6 /* Resources */ = {
			isa = PBXGroup;
			children = (
				A33466E3D24D05619BB28C66 /* Assets.xcassets */,
				E06DF78CF08AD84CF666A285 /* Info.plist */,
				CAFBF5F7D22F1C3B13FF9E1E /* PrivacyInfo.xcprivacy */,
				11B33BDD8901AE49E300FF4D /* Proxyn.entitlements */,
			);
			path = Resources;
			sourceTree = "<group>";
		};
		7E89776A35EFA19FC0395EBD /* Products */ = {
			isa = PBXGroup;
			children = (
				9F860E5584A9D593AB89E824 /* Proxyn.app */,
				78841F2D3D5B4B510E08E41C /* ProxynWidgets.appex */,
			);
			name = Products;
			sourceTree = "<group>";
		};
		827B4347FD1A414C387BC272 /* Storage */ = {
			isa = PBXGroup;
			children = (
				A827ECB28B12D9C7FA479FE9 /* StorageDetailView.swift */,
				2E7FAACC8D01D0BE6A86533A /* StorageView.swift */,
			);
			path = Storage;
			sourceTree = "<group>";
		};
		8D1E5E28156795D3B4FD7B8A /* Store */ = {
			isa = PBXGroup;
			children = (
				F1FB677C29D12CC4CFC79FDA /* AppModel.swift */,
				0097EA9C55688343858FF4A2 /* Toast.swift */,
			);
			path = Store;
			sourceTree = "<group>";
		};
		9379F013543EA0DEA7F155AD /* Shared */ = {
			isa = PBXGroup;
			children = (
				6451981AC3241AE25FAC3B2D /* Routes.swift */,
				752CE6EDDF7309EEE4281818 /* Rows.swift */,
			);
			path = Shared;
			sourceTree = "<group>";
		};
		A9EBD8D09A369E4A3DD73B33 /* Models */ = {
			isa = PBXGroup;
			children = (
				21F66338EC8416A446BFE1FB /* ClusterSnapshot.swift */,
				CCFE2F76555F5B942A428235 /* Metrics.swift */,
				D75E94A42764E242EBFDE633 /* ProxmoxModels.swift */,
				1E1145DF8E0D1BE550F03734 /* ServerProfile.swift */,
			);
			path = Models;
			sourceTree = "<group>";
		};
		B1386183F40510FE9F7E868B /* Console */ = {
			isa = PBXGroup;
			children = (
				FA7D122D1724883DE8E012F6 /* ConsoleView.swift */,
			);
			path = Console;
			sourceTree = "<group>";
		};
		BC207B38143169CFAF67BF4C /* ProxynWidgets */ = {
			isa = PBXGroup;
			children = (
				419B11F272DD86B68918165C /* ClusterWidget.swift */,
				9F035B024D1C2E19CABDB15D /* GuestWidget.swift */,
				248943600F2829A1B26DD85F /* Info.plist */,
				A0A2B030C46FBC7C1309FECB /* InfrastructureWidgets.swift */,
				1D1624C120F103399A7639BC /* PrivacyInfo.xcprivacy */,
				B893597CE19F15430F457D18 /* ProxynWidgets.entitlements */,
				299E7B456A1B6E4D1AA2FFBC /* WidgetComponents.swift */,
				C73F093010438DE8A1943282 /* WidgetData.swift */,
			);
			path = ProxynWidgets;
			sourceTree = "<group>";
		};
		C866FB8BD2B2BC3200312126 /* Onboarding */ = {
			isa = PBXGroup;
			children = (
				6C5A71E886710EA305BDFD8F /* AddServerView.swift */,
				13416471E9549CB0606DE7F8 /* OnboardingView.swift */,
			);
			path = Onboarding;
			sourceTree = "<group>";
		};
		CF1ABBAF906B0E1871EDEBA4 /* Proxyn */ = {
			isa = PBXGroup;
			children = (
				5F54A984046B0656652D64D1 /* App */,
				194343D995A0E8AEA673E26A /* Design */,
				430689059EB5ED94540CE218 /* Features */,
				78CC281682CA5949731A39C6 /* Resources */,
				8D1E5E28156795D3B4FD7B8A /* Store */,
			);
			path = Proxyn;
			sourceTree = "<group>";
		};
		DA0DCC448D40B776D3B7187E /* Nodes */ = {
			isa = PBXGroup;
			children = (
				635D772A21FA16AC76A8418B /* NodeDetailModel.swift */,
				951F9E895962676F05030913 /* NodeDetailView.swift */,
				2A4520561081BC2A0E1F65AF /* NodesView.swift */,
			);
			path = Nodes;
			sourceTree = "<group>";
		};
		DF8CB9FD76E1542E2CCD8517 /* Tasks */ = {
			isa = PBXGroup;
			children = (
				FFEEFD14E5AC38C4462424BB /* ActivityView.swift */,
				D6D5C96FDC47C873F45E2276 /* TaskLogView.swift */,
			);
			path = Tasks;
			sourceTree = "<group>";
		};
/* End PBXGroup section */

/* Begin PBXNativeTarget section */
		02AFD2EAD5C8D09EAA79DF72 /* ProxynWidgets */ = {
			isa = PBXNativeTarget;
			buildConfigurationList = E5093150673CB531E792735D /* Build configuration list for PBXNativeTarget "ProxynWidgets" */;
			buildPhases = (
				5C297FF71A468E68CA56908E /* Sources */,
				F7AB06138B4E587BF9E305DD /* Resources */,
			);
			buildRules = (
			);
			dependencies = (
			);
			name = ProxynWidgets;
			packageProductDependencies = (
			);
			productName = ProxynWidgets;
			productReference = 78841F2D3D5B4B510E08E41C /* ProxynWidgets.appex */;
			productType = "com.apple.product-type.app-extension";
		};
		0D4EAE9E417EEA574A04C23C /* Proxyn */ = {
			isa = PBXNativeTarget;
			buildConfigurationList = 2D93C268237E81DF0804F8B3 /* Build configuration list for PBXNativeTarget "Proxyn" */;
			buildPhases = (
				E8FFD7E8BEA8567A5D1278A5 /* Sources */,
				6EF84B84B6FCCCEE4F534AAE /* Resources */,
				D4DB4ED4D72E32875AE0AB10 /* Embed Foundation Extensions */,
			);
			buildRules = (
			);
			dependencies = (
				0BB0B7F40E88E2874A822273 /* PBXTargetDependency */,
			);
			name = Proxyn;
			packageProductDependencies = (
			);
			productName = Proxyn;
			productReference = 9F860E5584A9D593AB89E824 /* Proxyn.app */;
			productType = "com.apple.product-type.application";
		};
/* End PBXNativeTarget section */

/* Begin PBXProject section */
		2A6B5FCA3B836084AC7D40AA /* Project object */ = {
			isa = PBXProject;
			attributes = {
				BuildIndependentTargetsInParallel = YES;
				LastUpgradeCheck = 1430;
				TargetAttributes = {
					02AFD2EAD5C8D09EAA79DF72 = {
						DevelopmentTeam = "";
						ProvisioningStyle = Automatic;
					};
					0D4EAE9E417EEA574A04C23C = {
						DevelopmentTeam = "";
						ProvisioningStyle = Automatic;
					};
				};
			};
			buildConfigurationList = 95DBCD6FF56FBB5775FF1D0F /* Build configuration list for PBXProject "Proxyn" */;
			developmentRegion = en;
			hasScannedForEncodings = 0;
			knownRegions = (
				Base,
				en,
			);
			mainGroup = 0F56ED2FD059D9C37E9DCADB;
			minimizedProjectReferenceProxies = 1;
			preferredProjectObjectVersion = 77;
			productRefGroup = 7E89776A35EFA19FC0395EBD /* Products */;
			projectDirPath = "";
			projectRoot = "";
			targets = (
				0D4EAE9E417EEA574A04C23C /* Proxyn */,
				02AFD2EAD5C8D09EAA79DF72 /* ProxynWidgets */,
			);
		};
/* End PBXProject section */

/* Begin PBXResourcesBuildPhase section */
		6EF84B84B6FCCCEE4F534AAE /* Resources */ = {
			isa = PBXResourcesBuildPhase;
			buildActionMask = 2147483647;
			files = (
				7D969910DA62EF3189FB79A5 /* Assets.xcassets in Resources */,
				6617AEE9FCA483DE17457A75 /* PrivacyInfo.xcprivacy in Resources */,
			);
			runOnlyForDeploymentPostprocessing = 0;
		};
		F7AB06138B4E587BF9E305DD /* Resources */ = {
			isa = PBXResourcesBuildPhase;
			buildActionMask = 2147483647;
			files = (
				07982E16E1C17690F7F5AF8F /* PrivacyInfo.xcprivacy in Resources */,
			);
			runOnlyForDeploymentPostprocessing = 0;
		};
/* End PBXResourcesBuildPhase section */

/* Begin PBXSourcesBuildPhase section */
		5C297FF71A468E68CA56908E /* Sources */ = {
			isa = PBXSourcesBuildPhase;
			buildActionMask = 2147483647;
			files = (
				6093F0F17A791A153E1E982B /* ClusterSnapshot.swift in Sources */,
				98A114C2481F6C9360233C70 /* ClusterWidget.swift in Sources */,
				8AB778FD3EAAEEDFF2056FF4 /* DemoBackend.swift in Sources */,
				F639681092AF29A86D6ABA9F /* Format.swift in Sources */,
				60401B3F9F96FD89D9F33E83 /* GuestWidget.swift in Sources */,
				1E738AC18F1F880C48E4D3C0 /* InfrastructureWidgets.swift in Sources */,
				0EC0D2A8D893F588D97FC091 /* Keychain.swift in Sources */,
				C2CD4CFCA2C0C36DB3E1137C /* Log.swift in Sources */,
				BDF81C192AA969DBE069EE12 /* LooseDecoding.swift in Sources */,
				40D6627C023D9FD4D22316C2 /* Metrics.swift in Sources */,
				7B23CBE10C051FDA1D2C355A /* ProxmoxAPI.swift in Sources */,
				04FCD1C3494918C3C6A970DE /* ProxmoxClient.swift in Sources */,
				AAF02BCE67EE31429A224553 /* ProxmoxError.swift in Sources */,
				7A0B616065C34AA4BD184FC2 /* ProxmoxModels.swift in Sources */,
				41C90F0D87F1448BE445EDED /* ServerProfile.swift in Sources */,
				07F37B3692BE12C7E44419AC /* SharedSnapshotStore.swift in Sources */,
				F64FE490B74AE4DB89500FAF /* TLSDelegate.swift in Sources */,
				8664496BAFC29ADD424172CC /* Theme.swift in Sources */,
				BB0469611C2A24D49EE08ECA /* WidgetComponents.swift in Sources */,
				0B132D8A367A6F74DA86359C /* WidgetData.swift in Sources */,
			);
			runOnlyForDeploymentPostprocessing = 0;
		};
		E8FFD7E8BEA8567A5D1278A5 /* Sources */ = {
			isa = PBXSourcesBuildPhase;
			buildActionMask = 2147483647;
			files = (
				07ADBD0BF817E276097E3073 /* ActivityView.swift in Sources */,
				975365FD73EE09E9A2B31B36 /* AddServerView.swift in Sources */,
				955C4F9B6A3E602EFBF34D53 /* AppModel.swift in Sources */,
				481FCBD763C98BEC0CE485D1 /* ClusterSnapshot.swift in Sources */,
				64E123E1413924FB55C50F84 /* ConsoleView.swift in Sources */,
				3E4A54E74B0C6DF4EEA4B44A /* DemoBackend.swift in Sources */,
				8D228C44DC626EABCDC631D2 /* Format.swift in Sources */,
				7CAAA85F734A21F963A13BF5 /* GuestActionSheets.swift in Sources */,
				66039D3B008974F48F0CEF94 /* GuestDetailModel.swift in Sources */,
				A8B41EE9206D7D3969817386 /* GuestDetailView.swift in Sources */,
				B9661FFD7A03CBC8011E66C6 /* GuestsView.swift in Sources */,
				38D5DC2CBBBEA32868E26B2E /* Haptics.swift in Sources */,
				611B622CAC9300C9EEF1B8D0 /* Keychain.swift in Sources */,
				6ED0CE0CD7C721D46781BA34 /* Log.swift in Sources */,
				6E7A32ECA254A90CF13D05C6 /* LooseDecoding.swift in Sources */,
				4D56979110423671805B09A8 /* MetricChart.swift in Sources */,
				87B049418E6623620C8A8CBF /* Metrics.swift in Sources */,
				B2ECEC4ACA2EB01265A61069 /* NodeDetailModel.swift in Sources */,
				C48636F0F775976853BB5133 /* NodeDetailView.swift in Sources */,
				105AC81B6C65113BD67A67C3 /* NodesView.swift in Sources */,
				D3F874117E3EC47346DADA09 /* OnboardingView.swift in Sources */,
				D1D74286372B0D1E896E4320 /* OverviewView.swift in Sources */,
				8ED788E731CA3D70EBA3EC3B /* Parts.swift in Sources */,
				B780047A299C50A57597C42A /* ProxmoxAPI.swift in Sources */,
				D530D915168E346D7CB84A96 /* ProxmoxClient.swift in Sources */,
				2685DA82C22F6308F0E67FBE /* ProxmoxError.swift in Sources */,
				33D274CF6B33D92395BBE704 /* ProxmoxModels.swift in Sources */,
				DA110BB2395E6A30BBE34205 /* ProxynApp.swift in Sources */,
				E0E19D5E8632D28C75560B53 /* ProxynMark.swift in Sources */,
				A4D317E43581359137D1F1AB /* RootView.swift in Sources */,
				EBFEC2CF30EFB510BA8E9077 /* Routes.swift in Sources */,
				B97476DD8ED39A28A6CC8B58 /* Rows.swift in Sources */,
				1559B278916F9E5F332AA266 /* ServerProfile.swift in Sources */,
				4EEB87DFA9E2314A155EE148 /* SettingsView.swift in Sources */,
				DCF107214463115C6EF8E098 /* SharedSnapshotStore.swift in Sources */,
				8773F33D7D8F7F015A0CEB3D /* Sparkline.swift in Sources */,
				A7B290D3AB558583BF1E65C4 /* SplashView.swift in Sources */,
				044654ACD6D359D887450273 /* StorageDetailView.swift in Sources */,
				DF0D0247087BA92C8F1ADD1A /* StorageView.swift in Sources */,
				6DEE5AEE51A552181B134A3F /* TLSDelegate.swift in Sources */,
				81EA22EF1630F924F2D2DE6D /* TaskLogView.swift in Sources */,
				4E4AD64AF57EBF1688467B0B /* Theme.swift in Sources */,
				22B51BA31DAF01B4548FF30B /* Toast.swift in Sources */,
			);
			runOnlyForDeploymentPostprocessing = 0;
		};
/* End PBXSourcesBuildPhase section */

/* Begin PBXTargetDependency section */
		0BB0B7F40E88E2874A822273 /* PBXTargetDependency */ = {
			isa = PBXTargetDependency;
			target = 02AFD2EAD5C8D09EAA79DF72 /* ProxynWidgets */;
			targetProxy = 211D1B60EDEC7BF96ECB9AC9 /* PBXContainerItemProxy */;
		};
/* End PBXTargetDependency section */

/* Begin XCBuildConfiguration section */
		1B783C04A061355BAF96611D /* Debug */ = {
			isa = XCBuildConfiguration;
			buildSettings = {
				ALWAYS_SEARCH_USER_PATHS = NO;
				CLANG_ANALYZER_NONNULL = YES;
				CLANG_ANALYZER_NUMBER_OBJECT_CONVERSION = YES_AGGRESSIVE;
				CLANG_CXX_LANGUAGE_STANDARD = "gnu++14";
				CLANG_CXX_LIBRARY = "libc++";
				CLANG_ENABLE_MODULES = YES;
				CLANG_ENABLE_OBJC_ARC = YES;
				CLANG_ENABLE_OBJC_WEAK = YES;
				CLANG_WARN_BLOCK_CAPTURE_AUTORELEASING = YES;
				CLANG_WARN_BOOL_CONVERSION = YES;
				CLANG_WARN_COMMA = YES;
				CLANG_WARN_CONSTANT_CONVERSION = YES;
				CLANG_WARN_DEPRECATED_OBJC_IMPLEMENTATIONS = YES;
				CLANG_WARN_DIRECT_OBJC_ISA_USAGE = YES_ERROR;
				CLANG_WARN_DOCUMENTATION_COMMENTS = YES;
				CLANG_WARN_EMPTY_BODY = YES;
				CLANG_WARN_ENUM_CONVERSION = YES;
				CLANG_WARN_INFINITE_RECURSION = YES;
				CLANG_WARN_INT_CONVERSION = YES;
				CLANG_WARN_NON_LITERAL_NULL_CONVERSION = YES;
				CLANG_WARN_OBJC_IMPLICIT_RETAIN_SELF = YES;
				CLANG_WARN_OBJC_LITERAL_CONVERSION = YES;
				CLANG_WARN_OBJC_ROOT_CLASS = YES_ERROR;
				CLANG_WARN_QUOTED_INCLUDE_IN_FRAMEWORK_HEADER = YES;
				CLANG_WARN_RANGE_LOOP_ANALYSIS = YES;
				CLANG_WARN_STRICT_PROTOTYPES = YES;
				CLANG_WARN_SUSPICIOUS_MOVE = YES;
				CLANG_WARN_UNGUARDED_AVAILABILITY = YES_AGGRESSIVE;
				CLANG_WARN_UNREACHABLE_CODE = YES;
				CLANG_WARN__DUPLICATE_METHOD_MATCH = YES;
				CODE_SIGN_STYLE = Automatic;
				COPY_PHASE_STRIP = NO;
				CURRENT_PROJECT_VERSION = 1;
				DEAD_CODE_STRIPPING = YES;
				DEBUG_INFORMATION_FORMAT = dwarf;
				DEVELOPMENT_TEAM = "";
				ENABLE_STRICT_OBJC_MSGSEND = YES;
				ENABLE_TESTABILITY = YES;
				ENABLE_USER_SCRIPT_SANDBOXING = YES;
				GCC_C_LANGUAGE_STANDARD = gnu11;
				GCC_DYNAMIC_NO_PIC = NO;
				GCC_NO_COMMON_BLOCKS = YES;
				GCC_OPTIMIZATION_LEVEL = 0;
				GCC_PREPROCESSOR_DEFINITIONS = (
					"$(inherited)",
					"DEBUG=1",
				);
				GCC_WARN_64_TO_32_BIT_CONVERSION = YES;
				GCC_WARN_ABOUT_RETURN_TYPE = YES_ERROR;
				GCC_WARN_UNDECLARED_SELECTOR = YES;
				GCC_WARN_UNINITIALIZED_AUTOS = YES_AGGRESSIVE;
				GCC_WARN_UNUSED_FUNCTION = YES;
				GCC_WARN_UNUSED_VARIABLE = YES;
				IPHONEOS_DEPLOYMENT_TARGET = 18.0;
				LOCALIZATION_PREFERS_STRING_CATALOGS = YES;
				MARKETING_VERSION = 1.0.0;
				MTL_ENABLE_DEBUG_INFO = INCLUDE_SOURCE;
				MTL_FAST_MATH = YES;
				ONLY_ACTIVE_ARCH = YES;
				PRODUCT_NAME = "$(TARGET_NAME)";
				SDKROOT = iphoneos;
				SWIFT_ACTIVE_COMPILATION_CONDITIONS = DEBUG;
				SWIFT_EMIT_LOC_STRINGS = YES;
				SWIFT_OPTIMIZATION_LEVEL = "-Onone";
				SWIFT_STRICT_CONCURRENCY = minimal;
				SWIFT_VERSION = 5.0;
				TARGETED_DEVICE_FAMILY = "1,2";
			};
			name = Debug;
		};
		1F5FEFF2D4A4D73D9A479F26 /* Debug */ = {
			isa = XCBuildConfiguration;
			buildSettings = {
				ASSETCATALOG_COMPILER_APPICON_NAME = AppIcon;
				ASSETCATALOG_COMPILER_GLOBAL_ACCENT_COLOR_NAME = AccentColor;
				CODE_SIGN_ENTITLEMENTS = Proxyn/Resources/Proxyn.entitlements;
				CODE_SIGN_IDENTITY = "iPhone Developer";
				ENABLE_PREVIEWS = YES;
				INFOPLIST_FILE = Proxyn/Resources/Info.plist;
				LD_RUNPATH_SEARCH_PATHS = (
					"$(inherited)",
					"@executable_path/Frameworks",
				);
				PRODUCT_BUNDLE_IDENTIFIER = com.proxyn.app;
				PRODUCT_NAME = Proxyn;
				SDKROOT = iphoneos;
				SUPPORTS_MACCATALYST = NO;
				SUPPORTS_MAC_DESIGNED_FOR_IPHONE_IPAD = NO;
				SUPPORTS_XR_DESIGNED_FOR_IPHONE_IPAD = NO;
				TARGETED_DEVICE_FAMILY = "1,2";
			};
			name = Debug;
		};
		44F0B64BC079060CC5429E4C /* Release */ = {
			isa = XCBuildConfiguration;
			buildSettings = {
				ALWAYS_SEARCH_USER_PATHS = NO;
				CLANG_ANALYZER_NONNULL = YES;
				CLANG_ANALYZER_NUMBER_OBJECT_CONVERSION = YES_AGGRESSIVE;
				CLANG_CXX_LANGUAGE_STANDARD = "gnu++14";
				CLANG_CXX_LIBRARY = "libc++";
				CLANG_ENABLE_MODULES = YES;
				CLANG_ENABLE_OBJC_ARC = YES;
				CLANG_ENABLE_OBJC_WEAK = YES;
				CLANG_WARN_BLOCK_CAPTURE_AUTORELEASING = YES;
				CLANG_WARN_BOOL_CONVERSION = YES;
				CLANG_WARN_COMMA = YES;
				CLANG_WARN_CONSTANT_CONVERSION = YES;
				CLANG_WARN_DEPRECATED_OBJC_IMPLEMENTATIONS = YES;
				CLANG_WARN_DIRECT_OBJC_ISA_USAGE = YES_ERROR;
				CLANG_WARN_DOCUMENTATION_COMMENTS = YES;
				CLANG_WARN_EMPTY_BODY = YES;
				CLANG_WARN_ENUM_CONVERSION = YES;
				CLANG_WARN_INFINITE_RECURSION = YES;
				CLANG_WARN_INT_CONVERSION = YES;
				CLANG_WARN_NON_LITERAL_NULL_CONVERSION = YES;
				CLANG_WARN_OBJC_IMPLICIT_RETAIN_SELF = YES;
				CLANG_WARN_OBJC_LITERAL_CONVERSION = YES;
				CLANG_WARN_OBJC_ROOT_CLASS = YES_ERROR;
				CLANG_WARN_QUOTED_INCLUDE_IN_FRAMEWORK_HEADER = YES;
				CLANG_WARN_RANGE_LOOP_ANALYSIS = YES;
				CLANG_WARN_STRICT_PROTOTYPES = YES;
				CLANG_WARN_SUSPICIOUS_MOVE = YES;
				CLANG_WARN_UNGUARDED_AVAILABILITY = YES_AGGRESSIVE;
				CLANG_WARN_UNREACHABLE_CODE = YES;
				CLANG_WARN__DUPLICATE_METHOD_MATCH = YES;
				CODE_SIGN_STYLE = Automatic;
				COPY_PHASE_STRIP = NO;
				CURRENT_PROJECT_VERSION = 1;
				DEAD_CODE_STRIPPING = YES;
				DEBUG_INFORMATION_FORMAT = "dwarf-with-dsym";
				DEVELOPMENT_TEAM = "";
				ENABLE_NS_ASSERTIONS = NO;
				ENABLE_STRICT_OBJC_MSGSEND = YES;
				ENABLE_USER_SCRIPT_SANDBOXING = YES;
				GCC_C_LANGUAGE_STANDARD = gnu11;
				GCC_NO_COMMON_BLOCKS = YES;
				GCC_WARN_64_TO_32_BIT_CONVERSION = YES;
				GCC_WARN_ABOUT_RETURN_TYPE = YES_ERROR;
				GCC_WARN_UNDECLARED_SELECTOR = YES;
				GCC_WARN_UNINITIALIZED_AUTOS = YES_AGGRESSIVE;
				GCC_WARN_UNUSED_FUNCTION = YES;
				GCC_WARN_UNUSED_VARIABLE = YES;
				IPHONEOS_DEPLOYMENT_TARGET = 18.0;
				LOCALIZATION_PREFERS_STRING_CATALOGS = YES;
				MARKETING_VERSION = 1.0.0;
				MTL_ENABLE_DEBUG_INFO = NO;
				MTL_FAST_MATH = YES;
				PRODUCT_NAME = "$(TARGET_NAME)";
				SDKROOT = iphoneos;
				SWIFT_COMPILATION_MODE = wholemodule;
				SWIFT_EMIT_LOC_STRINGS = YES;
				SWIFT_OPTIMIZATION_LEVEL = "-O";
				SWIFT_STRICT_CONCURRENCY = minimal;
				SWIFT_VERSION = 5.0;
				TARGETED_DEVICE_FAMILY = "1,2";
				VALIDATE_PRODUCT = YES;
			};
			name = Release;
		};
		90AE5B3FD9CFA4F9BB928FCE /* Debug */ = {
			isa = XCBuildConfiguration;
			buildSettings = {
				CODE_SIGN_ENTITLEMENTS = ProxynWidgets/ProxynWidgets.entitlements;
				INFOPLIST_FILE = ProxynWidgets/Info.plist;
				LD_RUNPATH_SEARCH_PATHS = (
					"$(inherited)",
					"@executable_path/Frameworks",
					"@executable_path/../../Frameworks",
				);
				PRODUCT_BUNDLE_IDENTIFIER = com.proxyn.app.widgets;
				PRODUCT_NAME = ProxynWidgets;
				SDKROOT = iphoneos;
				SKIP_INSTALL = YES;
				TARGETED_DEVICE_FAMILY = "1,2";
			};
			name = Debug;
		};
		C1146C35654D3B9683FAE0EF /* Release */ = {
			isa = XCBuildConfiguration;
			buildSettings = {
				ASSETCATALOG_COMPILER_APPICON_NAME = AppIcon;
				ASSETCATALOG_COMPILER_GLOBAL_ACCENT_COLOR_NAME = AccentColor;
				CODE_SIGN_ENTITLEMENTS = Proxyn/Resources/Proxyn.entitlements;
				CODE_SIGN_IDENTITY = "iPhone Developer";
				ENABLE_PREVIEWS = YES;
				INFOPLIST_FILE = Proxyn/Resources/Info.plist;
				LD_RUNPATH_SEARCH_PATHS = (
					"$(inherited)",
					"@executable_path/Frameworks",
				);
				PRODUCT_BUNDLE_IDENTIFIER = com.proxyn.app;
				PRODUCT_NAME = Proxyn;
				SDKROOT = iphoneos;
				SUPPORTS_MACCATALYST = NO;
				SUPPORTS_MAC_DESIGNED_FOR_IPHONE_IPAD = NO;
				SUPPORTS_XR_DESIGNED_FOR_IPHONE_IPAD = NO;
				TARGETED_DEVICE_FAMILY = "1,2";
			};
			name = Release;
		};
		D2B4204A49F17DDA8CCFB3CE /* Release */ = {
			isa = XCBuildConfiguration;
			buildSettings = {
				CODE_SIGN_ENTITLEMENTS = ProxynWidgets/ProxynWidgets.entitlements;
				INFOPLIST_FILE = ProxynWidgets/Info.plist;
				LD_RUNPATH_SEARCH_PATHS = (
					"$(inherited)",
					"@executable_path/Frameworks",
					"@executable_path/../../Frameworks",
				);
				PRODUCT_BUNDLE_IDENTIFIER = com.proxyn.app.widgets;
				PRODUCT_NAME = ProxynWidgets;
				SDKROOT = iphoneos;
				SKIP_INSTALL = YES;
				TARGETED_DEVICE_FAMILY = "1,2";
			};
			name = Release;
		};
/* End XCBuildConfiguration section */

/* Begin XCConfigurationList section */
		2D93C268237E81DF0804F8B3 /* Build configuration list for PBXNativeTarget "Proxyn" */ = {
			isa = XCConfigurationList;
			buildConfigurations = (
				1F5FEFF2D4A4D73D9A479F26 /* Debug */,
				C1146C35654D3B9683FAE0EF /* Release */,
			);
			defaultConfigurationIsVisible = 0;
			defaultConfigurationName = Debug;
		};
		95DBCD6FF56FBB5775FF1D0F /* Build configuration list for PBXProject "Proxyn" */ = {
			isa = XCConfigurationList;
			buildConfigurations = (
				1B783C04A061355BAF96611D /* Debug */,
				44F0B64BC079060CC5429E4C /* Release */,
			);
			defaultConfigurationIsVisible = 0;
			defaultConfigurationName = Debug;
		};
		E5093150673CB531E792735D /* Build configuration list for PBXNativeTarget "ProxynWidgets" */ = {
			isa = XCConfigurationList;
			buildConfigurations = (
				90AE5B3FD9CFA4F9BB928FCE /* Debug */,
				D2B4204A49F17DDA8CCFB3CE /* Release */,
			);
			defaultConfigurationIsVisible = 0;
			defaultConfigurationName = Debug;
		};
/* End XCConfigurationList section */
	};
	rootObject = 2A6B5FCA3B836084AC7D40AA /* Project object */;
}
